
Microsoft Visual Studio Solution File, Format Version 12.00
# Visual Studio Version 16
VisualStudioVersion = 16.0.29920.165
MinimumVisualStudioVersion = 10.0.40219.1
Project("{8BC9CEB8-8B4A-11D0-8D11-00A0C91BC942}") = "p374", "p374\p374.vcxproj", "{1A73A8BE-E08E-4992-92E8-56936A27FA52}"
EndProject
Project("{8BC9CEB8-8B4A-11D0-8D11-00A0C91BC942}") = "p376", "p376\p376.vcxproj", "{1CDE7C9D-57A5-4999-9CE7-81520733C31B}"
EndProject
Project("{8BC9CEB8-8B4A-11D0-8D11-00A0C91BC942}") = "p379", "p379\p379.vcxproj", "{A3F587E4-8BBB-4BCE-BB95-02A46A938E01}"
EndProject
Project("{8BC9CEB8-8B4A-11D0-8D11-00A0C91BC942}") = "p382", "p382\p382.vcxproj", "{19020A76-3E03-4E26-8980-881177992FB3}"
EndProject
Project("{8BC9CEB8-8B4A-11D0-8D11-00A0C91BC942}") = "p383", "p383\p383.vcxproj", "{00463E57-E193-4291-A7A0-2DC04701629D}"
EndProject
Project("{8BC9CEB8-8B4A-11D0-8D11-00A0C91BC942}") = "p386", "p386\p386.vcxproj", "{0E03C1BD-1A50-4379-A2DB-91C012E0773D}"
EndProject
Project("{8BC9CEB8-8B4A-11D0-8D11-00A0C91BC942}") = "p387_ex1", "p387_ex1\p387_ex1.vcxproj", "{3DF53D65-6634-43F0-969F-1AE6D692C698}"
EndProject
Project("{8BC9CEB8-8B4A-11D0-8D11-00A0C91BC942}") = "p387_ex2", "p387_ex2\p387_ex2.vcxproj", "{798666B9-B6AD-47AF-A9F0-067154AAE2DE}"
EndProject
Project("{8BC9CEB8-8B4A-11D0-8D11-00A0C91BC942}") = "p388_ex3", "p388_ex3\p388_ex3.vcxproj", "{FF72125B-B2DF-4509-9A7D-C5E79D8FEB1B}"
EndProject
Project("{8BC9CEB8-8B4A-11D0-8D11-00A0C91BC942}") = "p388_ex4", "p388_ex4\p388_ex4.vcxproj", "{08DC74BC-57C0-4290-BB86-988ACB7779F3}"
EndProject
Global
	GlobalSection(SolutionConfigurationPlatforms) = preSolution
		Debug|x64 = Debug|x64
		Debug|x86 = Debug|x86
		Release|x64 = Release|x64
		Release|x86 = Release|x86
	EndGlobalSection
	GlobalSection(ProjectConfigurationPlatforms) = postSolution
		{1A73A8BE-E08E-4992-92E8-56936A27FA52}.Debug|x64.ActiveCfg = Debug|x64
		{1A73A8BE-E08E-4992-92E8-56936A27FA52}.Debug|x64.Build.0 = Debug|x64
		{1A73A8BE-E08E-4992-92E8-56936A27FA52}.Debug|x86.ActiveCfg = Debug|Win32
		{1A73A8BE-E08E-4992-92E8-56936A27FA52}.Debug|x86.Build.0 = Debug|Win32
		{1A73A8BE-E08E-4992-92E8-56936A27FA52}.Release|x64.ActiveCfg = Release|x64
		{1A73A8BE-E08E-4992-92E8-56936A27FA52}.Release|x64.Build.0 = Release|x64
		{1A73A8BE-E08E-4992-92E8-56936A27FA52}.Release|x86.ActiveCfg = Release|Win32
		{1A73A8BE-E08E-4992-92E8-56936A27FA52}.Release|x86.Build.0 = Release|Win32
		{1CDE7C9D-57A5-4999-9CE7-81520733C31B}.Debug|x64.ActiveCfg = Debug|x64
		{1CDE7C9D-57A5-4999-9CE7-81520733C31B}.Debug|x64.Build.0 = Debug|x64
		{1CDE7C9D-57A5-4999-9CE7-81520733C31B}.Debug|x86.ActiveCfg = Debug|Win32
		{1CDE7C9D-57A5-4999-9CE7-81520733C31B}.Debug|x86.Build.0 = Debug|Win32
		{1CDE7C9D-57A5-4999-9CE7-81520733C31B}.Release|x64.ActiveCfg = Release|x64
		{1CDE7C9D-57A5-4999-9CE7-81520733C31B}.Release|x64.Build.0 = Release|x64
		{1CDE7C9D-57A5-4999-9CE7-81520733C31B}.Release|x86.ActiveCfg = Release|Win32
		{1CDE7C9D-57A5-4999-9CE7-81520733C31B}.Release|x86.Build.0 = Release|Win32
		{A3F587E4-8BBB-4BCE-BB95-02A46A938E01}.Debug|x64.ActiveCfg = Debug|x64
		{A3F587E4-8BBB-4BCE-BB95-02A46A938E01}.Debug|x64.Build.0 = Debug|x64
		{A3F587E4-8BBB-4BCE-BB95-02A46A938E01}.Debug|x86.ActiveCfg = Debug|Win32
		{A3F587E4-8BBB-4BCE-BB95-02A46A938E01}.Debug|x86.Build.0 = Debug|Win32
		{A3F587E4-8BBB-4BCE-BB95-02A46A938E01}.Release|x64.ActiveCfg = Release|x64
		{A3F587E4-8BBB-4BCE-BB95-02A46A938E01}.Release|x64.Build.0 = Release|x64
		{A3F587E4-8BBB-4BCE-BB95-02A46A938E01}.Release|x86.ActiveCfg = Release|Win32
		{A3F587E4-8BBB-4BCE-BB95-02A46A938E01}.Release|x86.Build.0 = Release|Win32
		{19020A76-3E03-4E26-8980-881177992FB3}.Debug|x64.ActiveCfg = Debug|x64
		{19020A76-3E03-4E26-8980-881177992FB3}.Debug|x64.Build.0 = Debug|x64
		{19020A76-3E03-4E26-8980-881177992FB3}.Debug|x86.ActiveCfg = Debug|Win32
		{19020A76-3E03-4E26-8980-881177992FB3}.Debug|x86.Build.0 = Debug|Win32
		{19020A76-3E03-4E26-8980-881177992FB3}.Release|x64.ActiveCfg = Release|x64
		{19020A76-3E03-4E26-8980-881177992FB3}.Release|x64.Build.0 = Release|x64
		{19020A76-3E03-4E26-8980-881177992FB3}.Release|x86.ActiveCfg = Release|Win32
		{19020A76-3E03-4E26-8980-881177992FB3}.Release|x86.Build.0 = Release|Win32
		{00463E57-E193-4291-A7A0-2DC04701629D}.Debug|x64.ActiveCfg = Debug|x64
		{00463E57-E193-4291-A7A0-2DC04701629D}.Debug|x64.Build.0 = Debug|x64
		{00463E57-E193-4291-A7A0-2DC04701629D}.Debug|x86.ActiveCfg = Debug|Win32
		{00463E57-E193-4291-A7A0-2DC04701629D}.Debug|x86.Build.0 = Debug|Win32
		{00463E57-E193-4291-A7A0-2DC04701629D}.Release|x64.ActiveCfg = Release|x64
		{00463E57-E193-4291-A7A0-2DC04701629D}.Release|x64.Build.0 = Release|x64
		{00463E57-E193-4291-A7A0-2DC04701629D}.Release|x86.ActiveCfg = Release|Win32
		{00463E57-E193-4291-A7A0-2DC04701629D}.Release|x86.Build.0 = Release|Win32
		{0E03C1BD-1A50-4379-A2DB-91C012E0773D}.Debug|x64.ActiveCfg = Debug|x64
		{0E03C1BD-1A50-4379-A2DB-91C012E0773D}.Debug|x64.Build.0 = Debug|x64
		{0E03C1BD-1A50-4379-A2DB-91C012E0773D}.Debug|x86.ActiveCfg = Debug|Win32
		{0E03C1BD-1A50-4379-A2DB-91C012E0773D}.Debug|x86.Build.0 = Debug|Win32
		{0E03C1BD-1A50-4379-A2DB-91C012E0773D}.Release|x64.ActiveCfg = Release|x64
		{0E03C1BD-1A50-4379-A2DB-91C012E0773D}.Release|x64.Build.0 = Release|x64
		{0E03C1BD-1A50-4379-A2DB-91C012E0773D}.Release|x86.ActiveCfg = Release|Win32
		{0E03C1BD-1A50-4379-A2DB-91C012E0773D}.Release|x86.Build.0 = Release|Win32
		{3DF53D65-6634-43F0-969F-1AE6D692C698}.Debug|x64.ActiveCfg = Debug|x64
		{3DF53D65-6634-43F0-969F-1AE6D692C698}.Debug|x64.Build.0 = Debug|x64
		{3DF53D65-6634-43F0-969F-1AE6D692C698}.Debug|x86.ActiveCfg = Debug|Win32
		{3DF53D65-6634-43F0-969F-1AE6D692C698}.Debug|x86.Build.0 = Debug|Win32
		{3DF53D65-6634-43F0-969F-1AE6D692C698}.Release|x64.ActiveCfg = Release|x64
		{3DF53D65-6634-43F0-969F-1AE6D692C698}.Release|x64.Build.0 = Release|x64
		{3DF53D65-6634-43F0-969F-1AE6D692C698}.Release|x86.ActiveCfg = Release|Win32
		{3DF53D65-6634-43F0-969F-1AE6D692C698}.Release|x86.Build.0 = Release|Win32
		{798666B9-B6AD-47AF-A9F0-067154AAE2DE}.Debug|x64.ActiveCfg = Debug|x64
		{798666B9-B6AD-47AF-A9F0-067154AAE2DE}.Debug|x64.Build.0 = Debug|x64
		{798666B9-B6AD-47AF-A9F0-067154AAE2DE}.Debug|x86.ActiveCfg = Debug|Win32
		{798666B9-B6AD-47AF-A9F0-067154AAE2DE}.Debug|x86.Build.0 = Debug|Win32
		{798666B9-B6AD-47AF-A9F0-067154AAE2DE}.Release|x64.ActiveCfg = Release|x64
		{798666B9-B6AD-47AF-A9F0-067154AAE2DE}.Release|x64.Build.0 = Release|x64
		{798666B9-B6AD-47AF-A9F0-067154AAE2DE}.Release|x86.ActiveCfg = Release|Win32
		{798666B9-B6AD-47AF-A9F0-067154AAE2DE}.Release|x86.Build.0 = Release|Win32
		{FF72125B-B2DF-4509-9A7D-C5E79D8FEB1B}.Debug|x64.ActiveCfg = Debug|x64
		{FF72125B-B2DF-4509-9A7D-C5E79D8FEB1B}.Debug|x64.Build.0 = Debug|x64
		{FF72125B-B2DF-4509-9A7D-C5E79D8FEB1B}.Debug|x86.ActiveCfg = Debug|Win32
		{FF72125B-B2DF-4509-9A7D-C5E79D8FEB1B}.Debug|x86.Build.0 = Debug|Win32
		{FF72125B-B2DF-4509-9A7D-C5E79D8FEB1B}.Release|x64.ActiveCfg = Release|x64
		{FF72125B-B2DF-4509-9A7D-C5E79D8FEB1B}.Release|x64.Build.0 = Release|x64
		{FF72125B-B2DF-4509-9A7D-C5E79D8FEB1B}.Release|x86.ActiveCfg = Release|Win32
		{FF72125B-B2DF-4509-9A7D-C5E79D8FEB1B}.Release|x86.Build.0 = Release|Win32
		{08DC74BC-57C0-4290-BB86-988ACB7779F3}.Debug|x64.ActiveCfg = Debug|x64
		{08DC74BC-57C0-4290-BB86-988ACB7779F3}.Debug|x64.Build.0 = Debug|x64
		{08DC74BC-57C0-4290-BB86-988ACB7779F3}.Debug|x86.ActiveCfg = Debug|Win32
		{08DC74BC-57C0-4290-BB86-988ACB7779F3}.Debug|x86.Build.0 = Debug|Win32
		{08DC74BC-57C0-4290-BB86-988ACB7779F3}.Release|x64.ActiveCfg = Release|x64
		{08DC74BC-57C0-4290-BB86-988ACB7779F3}.Release|x64.Build.0 = Release|x64
		{08DC74BC-57C0-4290-BB86-988ACB7779F3}.Release|x86.ActiveCfg = Release|Win32
		{08DC74BC-57C0-4290-BB86-988ACB7779F3}.Release|x86.Build.0 = Release|Win32
	EndGlobalSection
	GlobalSection(SolutionProperties) = preSolution
		HideSolutionNode = FALSE
	EndGlobalSection
	GlobalSection(ExtensibilityGlobals) = postSolution
		SolutionGuid = {17DA49A5-1F95-4438-9A0A-3A9EB75EF40A}
	EndGlobalSection
EndGlobal
